
Microsoft Visual Studio Solution File, Format Version 12.00
# Visual Studio Version 16
VisualStudioVersion = 16.0.31005.135
MinimumVisualStudioVersion = 10.0.40219.1
Project("{FAE04EC0-301F-11D3-BF4B-00C04F79EFBC}") = "Fusion Forge", "Fusion Forge\Fusion Forge.csproj", "{44C01306-D800-40AD-9FBA-08E9625D6237}"
EndProject
Global
	GlobalSection(SolutionConfigurationPlatforms) = preSolution
		Debug|Any CPU = Debug|Any CPU
		Release|Any CPU = Release|Any CPU
	EndGlobalSection
	GlobalSection(ProjectConfigurationPlatforms) = postSolution
		{44C01306-D800-40AD-9FBA-08E9625D6237}.Debug|Any CPU.ActiveCfg = Debug|Any CPU
		{44C01306-D800-40AD-9FBA-08E9625D6237}.Debug|Any CPU.Build.0 = Debug|Any CPU
		{44C01306-D800-40AD-9FBA-08E9625D6237}.Release|Any CPU.ActiveCfg = Release|Any CPU
		{44C01306-D800-40AD-9FBA-08E9625D6237}.Release|Any CPU.Build.0 = Release|Any CPU
	EndGlobalSection
	GlobalSection(SolutionProperties) = preSolution
		HideSolutionNode = FALSE
	EndGlobalSection
	GlobalSection(ExtensibilityGlobals) = postSolution
		SolutionGuid = {48C60135-1443-4A47-A204-8384514E5DD5}
	EndGlobalSection
EndGlobal
