
Microsoft Visual Studio Solution File, Format Version 12.00
# Visual Studio Version 16
VisualStudioVersion = 16.0.31005.135
MinimumVisualStudioVersion = 10.0.40219.1
Project("{FAE04EC0-301F-11D3-BF4B-00C04F79EFBC}") = "Deuterium Stars", "Deuterium Stars\Deuterium Stars.csproj", "{6DB95D2B-B680-40EF-9E5B-2D967942BF44}"
EndProject
Global
	GlobalSection(SolutionConfigurationPlatforms) = preSolution
		Debug|Any CPU = Debug|Any CPU
		Release|Any CPU = Release|Any CPU
	EndGlobalSection
	GlobalSection(ProjectConfigurationPlatforms) = postSolution
		{6DB95D2B-B680-40EF-9E5B-2D967942BF44}.Debug|Any CPU.ActiveCfg = Debug|Any CPU
		{6DB95D2B-B680-40EF-9E5B-2D967942BF44}.Debug|Any CPU.Build.0 = Debug|Any CPU
		{6DB95D2B-B680-40EF-9E5B-2D967942BF44}.Release|Any CPU.ActiveCfg = Release|Any CPU
		{6DB95D2B-B680-40EF-9E5B-2D967942BF44}.Release|Any CPU.Build.0 = Release|Any CPU
	EndGlobalSection
	GlobalSection(SolutionProperties) = preSolution
		HideSolutionNode = FALSE
	EndGlobalSection
	GlobalSection(ExtensibilityGlobals) = postSolution
		SolutionGuid = {C4229878-9696-449C-A4C3-C5E66B338FDC}
	EndGlobalSection
EndGlobal
